// !$*UTF8*$!
{
	archiveVersion = 1;
	classes = {
	};
	objectVersion = 55;
	objects = {

/* Begin PBXBuildFile section */
		16539D9028C7C8B000F4A278 /* ManipulandoObjetosCJSONApp.swift in Sources */ = {isa = PBXBuildFile; fileRef = 16539D8F28C7C8B000F4A278 /* ManipulandoObjetosCJSONApp.swift */; };
		16539D9228C7C8B000F4A278 /* ContentView.swift in Sources */ = {isa = PBXBuildFile; fileRef = 16539D9128C7C8B000F4A278 /* ContentView.swift */; };
		16539D9428C7C8B200F4A278 /* Assets.xcassets in Resources */ = {isa = PBXBuildFile; fileRef = 16539D9328C7C8B200F4A278 /* Assets.xcassets */; };
		16539D9728C7C8B200F4A278 /* Preview Assets.xcassets in Resources */ = {isa = PBXBuildFile; fileRef = 16539D9628C7C8B200F4A278 /* Preview Assets.xcassets */; };
		16539D9E28C7C8D500F4A278 /* exemplo.json in Resources */ = {isa = PBXBuildFile; fileRef = 16539D9D28C7C8D500F4A278 /* exemplo.json */; };
		16539DA128C7CA3200F4A278 /* PessoaModel.swift in Sources */ = {isa = PBXBuildFile; fileRef = 16539DA028C7CA3200F4A278 /* PessoaModel.swift */; };
		16539DA328C7CBED00F4A278 /* DataLoader.swift in Sources */ = {isa = PBXBuildFile; fileRef = 16539DA228C7CBED00F4A278 /* DataLoader.swift */; };
/* End PBXBuildFile section */

/* Begin PBXFileReference section */
		16539D8C28C7C8B000F4A278 /* ManipulandoObjetosCJSON.app */ = {isa = PBXFileReference; explicitFileType = wrapper.application; includeInIndex = 0; path = ManipulandoObjetosCJSON.app; sourceTree = BUILT_PRODUCTS_DIR; };
		16539D8F28C7C8B000F4A278 /* ManipulandoObjetosCJSONApp.swift */ = {isa = PBXFileReference; lastKnownFileType = sourcecode.swift; path = ManipulandoObjetosCJSONApp.swift; sourceTree = "<group>"; };
		16539D9128C7C8B000F4A278 /* ContentView.swift */ = {isa = PBXFileReference; lastKnownFileType = sourcecode.swift; path = ContentView.swift; sourceTree = "<group>"; };
		16539D9328C7C8B200F4A278 /* Assets.xcassets */ = {isa = PBXFileReference; lastKnownFileType = folder.assetcatalog; path = Assets.xcassets; sourceTree = "<group>"; };
		16539D9628C7C8B200F4A278 /* Preview Assets.xcassets */ = {isa = PBXFileReference; lastKnownFileType = folder.assetcatalog; path = "Preview Assets.xcassets"; sourceTree = "<group>"; };
		16539D9D28C7C8D500F4A278 /* exemplo.json */ = {isa = PBXFileReference; fileEncoding = 4; lastKnownFileType = text.json; path = exemplo.json; sourceTree = "<group>"; };
		16539DA028C7CA3200F4A278 /* PessoaModel.swift */ = {isa = PBXFileReference; lastKnownFileType = sourcecode.swift; path = PessoaModel.swift; sourceTree = "<group>"; };
		16539DA228C7CBED00F4A278 /* DataLoader.swift */ = {isa = PBXFileReference; lastKnownFileType = sourcecode.swift; path = DataLoader.swift; sourceTree = "<group>"; };
/* End PBXFileReference section */

/* Begin PBXFrameworksBuildPhase section */
		16539D8928C7C8B000F4A278 /* Frameworks */ = {
			isa = PBXFrameworksBuildPhase;
			buildActionMask = 2147483647;
			files = (
			);
			runOnlyForDeploymentPostprocessing = 0;
		};
/* End PBXFrameworksBuildPhase section */

/* Begin PBXGroup section */
		16539D8328C7C8B000F4A278 = {
			isa = PBXGroup;
			children = (
				16539D8E28C7C8B000F4A278 /* ManipulandoObjetosCJSON */,
				16539D8D28C7C8B000F4A278 /* Products */,
			);
			sourceTree = "<group>";
		};
		16539D8D28C7C8B000F4A278 /* Products */ = {
			isa = PBXGroup;
			children = (
				16539D8C28C7C8B000F4A278 /* ManipulandoObjetosCJSON.app */,
			);
			name = Products;
			sourceTree = "<group>";
		};
		16539D8E28C7C8B000F4A278 /* ManipulandoObjetosCJSON */ = {
			isa = PBXGroup;
			children = (
				16539DA528C7CC1A00F4A278 /* ViewModel */,
				16539DA428C7CBF800F4A278 /* View */,
				16539D9F28C7CA0400F4A278 /* Model */,
				16539D8F28C7C8B000F4A278 /* ManipulandoObjetosCJSONApp.swift */,
				16539D9328C7C8B200F4A278 /* Assets.xcassets */,
				16539D9528C7C8B200F4A278 /* Preview Content */,
			);
			path = ManipulandoObjetosCJSON;
			sourceTree = "<group>";
		};
		16539D9528C7C8B200F4A278 /* Preview Content */ = {
			isa = PBXGroup;
			children = (
				16539D9628C7C8B200F4A278 /* Preview Assets.xcassets */,
			);
			path = "Preview Content";
			sourceTree = "<group>";
		};
		16539D9F28C7CA0400F4A278 /* Model */ = {
			isa = PBXGroup;
			children = (
				16539DA028C7CA3200F4A278 /* PessoaModel.swift */,
			);
			path = Model;
			sourceTree = "<group>";
		};
		16539DA428C7CBF800F4A278 /* View */ = {
			isa = PBXGroup;
			children = (
				16539D9128C7C8B000F4A278 /* ContentView.swift */,
			);
			path = View;
			sourceTree = "<group>";
		};
		16539DA528C7CC1A00F4A278 /* ViewModel */ = {
			isa = PBXGroup;
			children = (
				16539D9D28C7C8D500F4A278 /* exemplo.json */,
				16539DA228C7CBED00F4A278 /* DataLoader.swift */,
			);
			path = ViewModel;
			sourceTree = "<group>";
		};
/* End PBXGroup section */

/* Begin PBXNativeTarget section */
		16539D8B28C7C8B000F4A278 /* ManipulandoObjetosCJSON */ = {
			isa = PBXNativeTarget;
			buildConfigurationList = 16539D9A28C7C8B200F4A278 /* Build configuration list for PBXNativeTarget "ManipulandoObjetosCJSON" */;
			buildPhases = (
				16539D8828C7C8B000F4A278 /* Sources */,
				16539D8928C7C8B000F4A278 /* Frameworks */,
				16539D8A28C7C8B000F4A278 /* Resources */,
			);
			buildRules = (
			);
			dependencies = (
			);
			name = ManipulandoObjetosCJSON;
			productName = ManipulandoObjetosCJSON;
			productReference = 16539D8C28C7C8B000F4A278 /* ManipulandoObjetosCJSON.app */;
			productType = "com.apple.product-type.application";
		};
/* End PBXNativeTarget section */

/* Begin PBXProject section */
		16539D8428C7C8B000F4A278 /* Project object */ = {
			isa = PBXProject;
			attributes = {
				BuildIndependentTargetsInParallel = 1;
				LastSwiftUpdateCheck = 1340;
				LastUpgradeCheck = 1340;
				TargetAttributes = {
					16539D8B28C7C8B000F4A278 = {
						CreatedOnToolsVersion = 13.4.1;
					};
				};
			};
			buildConfigurationList = 16539D8728C7C8B000F4A278 /* Build configuration list for PBXProject "ManipulandoObjetosCJSON" */;
			compatibilityVersion = "Xcode 13.0";
			developmentRegion = en;
			hasScannedForEncodings = 0;
			knownRegions = (
				en,
				Base,
			);
			mainGroup = 16539D8328C7C8B000F4A278;
			productRefGroup = 16539D8D28C7C8B000F4A278 /* Products */;
			projectDirPath = "";
			projectRoot = "";
			targets = (
				16539D8B28C7C8B000F4A278 /* ManipulandoObjetosCJSON */,
			);
		};
/* End PBXProject section */

/* Begin PBXResourcesBuildPhase section */
		16539D8A28C7C8B000F4A278 /* Resources */ = {
			isa = PBXResourcesBuildPhase;
			buildActionMask = 2147483647;
			files = (
				16539D9728C7C8B200F4A278 /* Preview Assets.xcassets in Resources */,
				16539D9428C7C8B200F4A278 /* Assets.xcassets in Resources */,
				16539D9E28C7C8D500F4A278 /* exemplo.json in Resources */,
			);
			runOnlyForDeploymentPostprocessing = 0;
		};
/* End PBXResourcesBuildPhase section */

/* Begin PBXSourcesBuildPhase section */
		16539D8828C7C8B000F4A278 /* Sources */ = {
			isa = PBXSourcesBuildPhase;
			buildActionMask = 2147483647;
			files = (
				16539DA328C7CBED00F4A278 /* DataLoader.swift in Sources */,
				16539DA128C7CA3200F4A278 /* PessoaModel.swift in Sources */,
				16539D9228C7C8B000F4A278 /* ContentView.swift in Sources */,
				16539D9028C7C8B000F4A278 /* ManipulandoObjetosCJSONApp.swift in Sources */,
			);
			runOnlyForDeploymentPostprocessing = 0;
		};
/* End PBXSourcesBuildPhase section */

/* Begin XCBuildConfiguration section */
		16539D9828C7C8B200F4A278 /* Debug */ = {
			isa = XCBuildConfiguration;
			buildSettings = {
				ALWAYS_SEARCH_USER_PATHS = NO;
				CLANG_ANALYZER_NONNULL = YES;
				CLANG_ANALYZER_NUMBER_OBJECT_CONVERSION = YES_AGGRESSIVE;
				CLANG_CXX_LANGUAGE_STANDARD = "gnu++17";
				CLANG_ENABLE_MODULES = YES;
				CLANG_ENABLE_OBJC_ARC = YES;
				CLANG_ENABLE_OBJC_WEAK = YES;
				CLANG_WARN_BLOCK_CAPTURE_AUTORELEASING = YES;
				CLANG_WARN_BOOL_CONVERSION = YES;
				CLANG_WARN_COMMA = YES;
				CLANG_WARN_CONSTANT_CONVERSION = YES;
				CLANG_WARN_DEPRECATED_OBJC_IMPLEMENTATIONS = YES;
				CLANG_WARN_DIRECT_OBJC_ISA_USAGE = YES_ERROR;
				CLANG_WARN_DOCUMENTATION_COMMENTS = YES;
				CLANG_WARN_EMPTY_BODY = YES;
				CLANG_WARN_ENUM_CONVERSION = YES;
				CLANG_WARN_INFINITE_RECURSION = YES;
				CLANG_WARN_INT_CONVERSION = YES;
				CLANG_WARN_NON_LITERAL_NULL_CONVERSION = YES;
				CLANG_WARN_OBJC_IMPLICIT_RETAIN_SELF = YES;
				CLANG_WARN_OBJC_LITERAL_CONVERSION = YES;
				CLANG_WARN_OBJC_ROOT_CLASS = YES_ERROR;
				CLANG_WARN_QUOTED_INCLUDE_IN_FRAMEWORK_HEADER = YES;
				CLANG_WARN_RANGE_LOOP_ANALYSIS = YES;
				CLANG_WARN_STRICT_PROTOTYPES = YES;
				CLANG_WARN_SUSPICIOUS_MOVE = YES;
				CLANG_WARN_UNGUARDED_AVAILABILITY = YES_AGGRESSIVE;
				CLANG_WARN_UNREACHABLE_CODE = YES;
				CLANG_WARN__DUPLICATE_METHOD_MATCH = YES;
				COPY_PHASE_STRIP = NO;
				DEBUG_INFORMATION_FORMAT = dwarf;
				ENABLE_STRICT_OBJC_MSGSEND = YES;
				ENABLE_TESTABILITY = YES;
				GCC_C_LANGUAGE_STANDARD = gnu11;
				GCC_DYNAMIC_NO_PIC = NO;
				GCC_NO_COMMON_BLOCKS = YES;
				GCC_OPTIMIZATION_LEVEL = 0;
				GCC_PREPROCESSOR_DEFINITIONS = (
					"DEBUG=1",
					"$(inherited)",
				);
				GCC_WARN_64_TO_32_BIT_CONVERSION = YES;
				GCC_WARN_ABOUT_RETURN_TYPE = YES_ERROR;
				GCC_WARN_UNDECLARED_SELECTOR = YES;
				GCC_WARN_UNINITIALIZED_AUTOS = YES_AGGRESSIVE;
				GCC_WARN_UNUSED_FUNCTION = YES;
				GCC_WARN_UNUSED_VARIABLE = YES;
				IPHONEOS_DEPLOYMENT_TARGET = 15.5;
				MTL_ENABLE_DEBUG_INFO = INCLUDE_SOURCE;
				MTL_FAST_MATH = YES;
				ONLY_ACTIVE_ARCH = YES;
				SDKROOT = iphoneos;
				SWIFT_ACTIVE_COMPILATION_CONDITIONS = DEBUG;
				SWIFT_OPTIMIZATION_LEVEL = "-Onone";
			};
			name = Debug;
		};
		16539D9928C7C8B200F4A278 /* Release */ = {
			isa = XCBuildConfiguration;
			buildSettings = {
				ALWAYS_SEARCH_USER_PATHS = NO;
				CLANG_ANALYZER_NONNULL = YES;
				CLANG_ANALYZER_NUMBER_OBJECT_CONVERSION = YES_AGGRESSIVE;
				CLANG_CXX_LANGUAGE_STANDARD = "gnu++17";
				CLANG_ENABLE_MODULES = YES;
				CLANG_ENABLE_OBJC_ARC = YES;
				CLANG_ENABLE_OBJC_WEAK = YES;
				CLANG_WARN_BLOCK_CAPTURE_AUTORELEASING = YES;
				CLANG_WARN_BOOL_CONVERSION = YES;
				CLANG_WARN_COMMA = YES;
				CLANG_WARN_CONSTANT_CONVERSION = YES;
				CLANG_WARN_DEPRECATED_OBJC_IMPLEMENTATIONS = YES;
				CLANG_WARN_DIRECT_OBJC_ISA_USAGE = YES_ERROR;
				CLANG_WARN_DOCUMENTATION_COMMENTS = YES;
				CLANG_WARN_EMPTY_BODY = YES;
				CLANG_WARN_ENUM_CONVERSION = YES;
				CLANG_WARN_INFINITE_RECURSION = YES;
				CLANG_WARN_INT_CONVERSION = YES;
				CLANG_WARN_NON_LITERAL_NULL_CONVERSION = YES;
				CLANG_WARN_OBJC_IMPLICIT_RETAIN_SELF = YES;
				CLANG_WARN_OBJC_LITERAL_CONVERSION = YES;
				CLANG_WARN_OBJC_ROOT_CLASS = YES_ERROR;
				CLANG_WARN_QUOTED_INCLUDE_IN_FRAMEWORK_HEADER = YES;
				CLANG_WARN_RANGE_LOOP_ANALYSIS = YES;
				CLANG_WARN_STRICT_PROTOTYPES = YES;
				CLANG_WARN_SUSPICIOUS_MOVE = YES;
				CLANG_WARN_UNGUARDED_AVAILABILITY = YES_AGGRESSIVE;
				CLANG_WARN_UNREACHABLE_CODE = YES;
				CLANG_WARN__DUPLICATE_METHOD_MATCH = YES;
				COPY_PHASE_STRIP = NO;
				DEBUG_INFORMATION_FORMAT = "dwarf-with-dsym";
				ENABLE_NS_ASSERTIONS = NO;
				ENABLE_STRICT_OBJC_MSGSEND = YES;
				GCC_C_LANGUAGE_STANDARD = gnu11;
				GCC_NO_COMMON_BLOCKS = YES;
				GCC_WARN_64_TO_32_BIT_CONVERSION = YES;
				GCC_WARN_ABOUT_RETURN_TYPE = YES_ERROR;
				GCC_WARN_UNDECLARED_SELECTOR = YES;
				GCC_WARN_UNINITIALIZED_AUTOS = YES_AGGRESSIVE;
				GCC_WARN_UNUSED_FUNCTION = YES;
				GCC_WARN_UNUSED_VARIABLE = YES;
				IPHONEOS_DEPLOYMENT_TARGET = 15.5;
				MTL_ENABLE_DEBUG_INFO = NO;
				MTL_FAST_MATH = YES;
				SDKROOT = iphoneos;
				SWIFT_COMPILATION_MODE = wholemodule;
				SWIFT_OPTIMIZATION_LEVEL = "-O";
				VALIDATE_PRODUCT = YES;
			};
			name = Release;
		};
		16539D9B28C7C8B200F4A278 /* Debug */ = {
			isa = XCBuildConfiguration;
			buildSettings = {
				ASSETCATALOG_COMPILER_APPICON_NAME = AppIcon;
				ASSETCATALOG_COMPILER_GLOBAL_ACCENT_COLOR_NAME = AccentColor;
				CODE_SIGN_STYLE = Automatic;
				CURRENT_PROJECT_VERSION = 1;
				DEVELOPMENT_ASSET_PATHS = "\"ManipulandoObjetosCJSON/Preview Content\"";
				DEVELOPMENT_TEAM = UFS93RKF34;
				ENABLE_PREVIEWS = YES;
				GENERATE_INFOPLIST_FILE = YES;
				INFOPLIST_KEY_UIApplicationSceneManifest_Generation = YES;
				INFOPLIST_KEY_UIApplicationSupportsIndirectInputEvents = YES;
				INFOPLIST_KEY_UILaunchScreen_Generation = YES;
				INFOPLIST_KEY_UISupportedInterfaceOrientations_iPad = "UIInterfaceOrientationPortrait UIInterfaceOrientationPortraitUpsideDown UIInterfaceOrientationLandscapeLeft UIInterfaceOrientationLandscapeRight";
				INFOPLIST_KEY_UISupportedInterfaceOrientations_iPhone = "UIInterfaceOrientationPortrait UIInterfaceOrientationLandscapeLeft UIInterfaceOrientationLandscapeRight";
				LD_RUNPATH_SEARCH_PATHS = (
					"$(inherited)",
					"@executable_path/Frameworks",
				);
				MARKETING_VERSION = 1.0;
				PRODUCT_BUNDLE_IDENTIFIER = com.pnimoveis.ManipulandoObjetosCJSON;
				PRODUCT_NAME = "$(TARGET_NAME)";
				SWIFT_EMIT_LOC_STRINGS = YES;
				SWIFT_VERSION = 5.0;
				TARGETED_DEVICE_FAMILY = "1,2";
			};
			name = Debug;
		};
		16539D9C28C7C8B200F4A278 /* Release */ = {
			isa = XCBuildConfiguration;
			buildSettings = {
				ASSETCATALOG_COMPILER_APPICON_NAME = AppIcon;
				ASSETCATALOG_COMPILER_GLOBAL_ACCENT_COLOR_NAME = AccentColor;
				CODE_SIGN_STYLE = Automatic;
				CURRENT_PROJECT_VERSION = 1;
				DEVELOPMENT_ASSET_PATHS = "\"ManipulandoObjetosCJSON/Preview Content\"";
				DEVELOPMENT_TEAM = UFS93RKF34;
				ENABLE_PREVIEWS = YES;
				GENERATE_INFOPLIST_FILE = YES;
				INFOPLIST_KEY_UIApplicationSceneManifest_Generation = YES;
				INFOPLIST_KEY_UIApplicationSupportsIndirectInputEvents = YES;
				INFOPLIST_KEY_UILaunchScreen_Generation = YES;
				INFOPLIST_KEY_UISupportedInterfaceOrientations_iPad = "UIInterfaceOrientationPortrait UIInterfaceOrientationPortraitUpsideDown UIInterfaceOrientationLandscapeLeft UIInterfaceOrientationLandscapeRight";
				INFOPLIST_KEY_UISupportedInterfaceOrientations_iPhone = "UIInterfaceOrientationPortrait UIInterfaceOrientationLandscapeLeft UIInterfaceOrientationLandscapeRight";
				LD_RUNPATH_SEARCH_PATHS = (
					"$(inherited)",
					"@executable_path/Frameworks",
				);
				MARKETING_VERSION = 1.0;
				PRODUCT_BUNDLE_IDENTIFIER = com.pnimoveis.ManipulandoObjetosCJSON;
				PRODUCT_NAME = "$(TARGET_NAME)";
				SWIFT_EMIT_LOC_STRINGS = YES;
				SWIFT_VERSION = 5.0;
				TARGETED_DEVICE_FAMILY = "1,2";
			};
			name = Release;
		};
/* End XCBuildConfiguration section */

/* Begin XCConfigurationList section */
		16539D8728C7C8B000F4A278 /* Build configuration list for PBXProject "ManipulandoObjetosCJSON" */ = {
			isa = XCConfigurationList;
			buildConfigurations = (
				16539D9828C7C8B200F4A278 /* Debug */,
				16539D9928C7C8B200F4A278 /* Release */,
			);
			defaultConfigurationIsVisible = 0;
			defaultConfigurationName = Release;
		};
		16539D9A28C7C8B200F4A278 /* Build configuration list for PBXNativeTarget "ManipulandoObjetosCJSON" */ = {
			isa = XCConfigurationList;
			buildConfigurations = (
				16539D9B28C7C8B200F4A278 /* Debug */,
				16539D9C28C7C8B200F4A278 /* Release */,
			);
			defaultConfigurationIsVisible = 0;
			defaultConfigurationName = Release;
		};
/* End XCConfigurationList section */
	};
	rootObject = 16539D8428C7C8B000F4A278 /* Project object */;
}
